// !$*UTF8*$!
{
	archiveVersion = 1;
	classes = {
	};
	objectVersion = 56;
	objects = {

/* Begin PBXBuildFile section */
		1A1A10602A56D76B00BFAD76 /* ProgressHUD in Frameworks */ = {isa = PBXBuildFile; productRef = 1A1A105F2A56D76B00BFAD76 /* ProgressHUD */; };
		1A2A77EA2A4DD8E1009CF5AD /* SplashViewController.swift in Sources */ = {isa = PBXBuildFile; fileRef = 1A2A77E92A4DD8E1009CF5AD /* SplashViewController.swift */; };
		1A3170312A584E43001C4A26 /* ProfileService.swift in Sources */ = {isa = PBXBuildFile; fileRef = 1A3170302A584E43001C4A26 /* ProfileService.swift */; };
		1A3170332A584F02001C4A26 /* PrifileResultModel.swift in Sources */ = {isa = PBXBuildFile; fileRef = 1A3170322A584F02001C4A26 /* PrifileResultModel.swift */; };
		1A3170352A584FA2001C4A26 /* SnakeCaseJsonDecoder.swift in Sources */ = {isa = PBXBuildFile; fileRef = 1A3170342A584FA2001C4A26 /* SnakeCaseJsonDecoder.swift */; };
		1A5B7EBC2A447399007FE3EE /* Constants.swift in Sources */ = {isa = PBXBuildFile; fileRef = 1A5B7EBB2A447399007FE3EE /* Constants.swift */; };
		1A6236152A585BDE00710E80 /* ProfileModel.swift in Sources */ = {isa = PBXBuildFile; fileRef = 1A6236142A585BDE00710E80 /* ProfileModel.swift */; };
		1A6424E52A47725200D6B46B /* OAuth2Service.swift in Sources */ = {isa = PBXBuildFile; fileRef = 1A6424E42A47725200D6B46B /* OAuth2Service.swift */; };
		1A6424E92A4861D400D6B46B /* OAuth2TokenKeycheinStorage.swift in Sources */ = {isa = PBXBuildFile; fileRef = 1A6424E82A4861D400D6B46B /* OAuth2TokenKeycheinStorage.swift */; };
		1A6AC1E52A77BC2C00852B2C /* DateFormatError.swift in Sources */ = {isa = PBXBuildFile; fileRef = 1A6AC1E42A77BC2C00852B2C /* DateFormatError.swift */; };
		1A6AC1E72A77BC8A00852B2C /* Clear.swift in Sources */ = {isa = PBXBuildFile; fileRef = 1A6AC1E62A77BC8A00852B2C /* Clear.swift */; };
		1A6AC1E92A77BE4700852B2C /* DateFormat.swift in Sources */ = {isa = PBXBuildFile; fileRef = 1A6AC1E82A77BE4700852B2C /* DateFormat.swift */; };
		1A6EC8FD2A62C0DA0006EE0C /* TabBarViweController.swift in Sources */ = {isa = PBXBuildFile; fileRef = 1A6EC8FC2A62C0DA0006EE0C /* TabBarViweController.swift */; };
		1A71D5132A31E9FA00B70452 /* ProfileViewController.swift in Sources */ = {isa = PBXBuildFile; fileRef = 1A71D5122A31E9FA00B70452 /* ProfileViewController.swift */; };
		1A83F9542A3E094700EBD8F8 /* ImageListCellModel.swift in Sources */ = {isa = PBXBuildFile; fileRef = 1A83F9532A3E094700EBD8F8 /* ImageListCellModel.swift */; };
		1A9B8E8C2A5C808900A8E2D5 /* ExtensionsRequest.swift in Sources */ = {isa = PBXBuildFile; fileRef = 1A9B8E8B2A5C808900A8E2D5 /* ExtensionsRequest.swift */; };
		1A9B8E8E2A5C81B200A8E2D5 /* ExtensionsURLSession.swift in Sources */ = {isa = PBXBuildFile; fileRef = 1A9B8E8D2A5C81B200A8E2D5 /* ExtensionsURLSession.swift */; };
		1A9B8E902A5C94B500A8E2D5 /* ProfileImageService.swift in Sources */ = {isa = PBXBuildFile; fileRef = 1A9B8E8F2A5C94B500A8E2D5 /* ProfileImageService.swift */; };
		1A9B8E922A5C951F00A8E2D5 /* UserResult.swift in Sources */ = {isa = PBXBuildFile; fileRef = 1A9B8E912A5C951F00A8E2D5 /* UserResult.swift */; };
		1ABEFF7B2A52AA7A00D38C90 /* OAuthTokenResponseBody.swift in Sources */ = {isa = PBXBuildFile; fileRef = 1ABEFF7A2A52AA7A00D38C90 /* OAuthTokenResponseBody.swift */; };
		1ABF04132A44D96D00EA00B8 /* AuthViewController.swift in Sources */ = {isa = PBXBuildFile; fileRef = 1ABF04122A44D96D00EA00B8 /* AuthViewController.swift */; };
		1ABF04152A44DAE400EA00B8 /* WebViewViewController.swift in Sources */ = {isa = PBXBuildFile; fileRef = 1ABF04142A44DAE400EA00B8 /* WebViewViewController.swift */; };
		1AC0F1D42A583B5B00A2502F /* UIBlockingProgressHUD.swift in Sources */ = {isa = PBXBuildFile; fileRef = 1AC0F1D32A583B5B00A2502F /* UIBlockingProgressHUD.swift */; };
		1AC8566C2A6D46760091D4EC /* ImagesListService.swift in Sources */ = {isa = PBXBuildFile; fileRef = 1AC8566B2A6D46760091D4EC /* ImagesListService.swift */; };
		1AC8566E2A6D480C0091D4EC /* PhotoModel.swift in Sources */ = {isa = PBXBuildFile; fileRef = 1AC8566D2A6D480C0091D4EC /* PhotoModel.swift */; };
		1AC856702A6D4D5A0091D4EC /* PhotoResult.swift in Sources */ = {isa = PBXBuildFile; fileRef = 1AC8566F2A6D4D5A0091D4EC /* PhotoResult.swift */; };
		1ACBB6012A616D7C000A37F3 /* SwiftKeychainWrapper in Frameworks */ = {isa = PBXBuildFile; productRef = 1ACBB6002A616D7C000A37F3 /* SwiftKeychainWrapper */; };
		1ACBB6042A618173000A37F3 /* KeychainError.swift in Sources */ = {isa = PBXBuildFile; fileRef = 1ACBB6032A618173000A37F3 /* KeychainError.swift */; };
		1ACCC8242A20DE3C00433E49 /* ExtensionsUIColor.swift in Sources */ = {isa = PBXBuildFile; fileRef = 1ACCC8232A20DE3C00433E49 /* ExtensionsUIColor.swift */; };
		1AD0754B2A335B0500A41082 /* SingleImageViewController.swift in Sources */ = {isa = PBXBuildFile; fileRef = 1AD0754A2A335B0500A41082 /* SingleImageViewController.swift */; };
		1ADCEC3C2A611640002CF2BD /* Kingfisher in Frameworks */ = {isa = PBXBuildFile; productRef = 1ADCEC3B2A611640002CF2BD /* Kingfisher */; };
		1ADD1C8D2A58960800E4BFFC /* NetworkError.swift in Sources */ = {isa = PBXBuildFile; fileRef = 1ADD1C8C2A58960800E4BFFC /* NetworkError.swift */; };
		1ADDF6042A73A59C00C4AC09 /* LikeModel.swift in Sources */ = {isa = PBXBuildFile; fileRef = 1ADDF6032A73A59C00C4AC09 /* LikeModel.swift */; };
		1AEAF11E2A21EFE1009DA20F /* ImagesListCell.swift in Sources */ = {isa = PBXBuildFile; fileRef = 1AEAF11D2A21EFE1009DA20F /* ImagesListCell.swift */; };
		1AFE86142A1FB89100BBEA1B /* AppDelegate.swift in Sources */ = {isa = PBXBuildFile; fileRef = 1AFE86132A1FB89100BBEA1B /* AppDelegate.swift */; };
		1AFE86162A1FB89100BBEA1B /* SceneDelegate.swift in Sources */ = {isa = PBXBuildFile; fileRef = 1AFE86152A1FB89100BBEA1B /* SceneDelegate.swift */; };
		1AFE86182A1FB89100BBEA1B /* ImagesListViewController.swift in Sources */ = {isa = PBXBuildFile; fileRef = 1AFE86172A1FB89100BBEA1B /* ImagesListViewController.swift */; };
		1AFE861B2A1FB89100BBEA1B /* Main.storyboard in Resources */ = {isa = PBXBuildFile; fileRef = 1AFE86192A1FB89100BBEA1B /* Main.storyboard */; };
		1AFE861D2A1FB89300BBEA1B /* Assets.xcassets in Resources */ = {isa = PBXBuildFile; fileRef = 1AFE861C2A1FB89300BBEA1B /* Assets.xcassets */; };
		1AFE86202A1FB89300BBEA1B /* LaunchScreen.storyboard in Resources */ = {isa = PBXBuildFile; fileRef = 1AFE861E2A1FB89300BBEA1B /* LaunchScreen.storyboard */; };
		1AFE862B2A1FB89300BBEA1B /* ImageFeedTests.swift in Sources */ = {isa = PBXBuildFile; fileRef = 1AFE862A2A1FB89300BBEA1B /* ImageFeedTests.swift */; };
		1AFE86352A1FB89300BBEA1B /* ImageFeedUITests.swift in Sources */ = {isa = PBXBuildFile; fileRef = 1AFE86342A1FB89300BBEA1B /* ImageFeedUITests.swift */; };
		1AFE86372A1FB89300BBEA1B /* ImageFeedUITestsLaunchTests.swift in Sources */ = {isa = PBXBuildFile; fileRef = 1AFE86362A1FB89300BBEA1B /* ImageFeedUITestsLaunchTests.swift */; };
/* End PBXBuildFile section */

/* Begin PBXContainerItemProxy section */
		1AFE86272A1FB89300BBEA1B /* PBXContainerItemProxy */ = {
			isa = PBXContainerItemProxy;
			containerPortal = 1AFE86082A1FB89100BBEA1B /* Project object */;
			proxyType = 1;
			remoteGlobalIDString = 1AFE860F2A1FB89100BBEA1B;
			remoteInfo = ImageFeed;
		};
		1AFE86312A1FB89300BBEA1B /* PBXContainerItemProxy */ = {
			isa = PBXContainerItemProxy;
			containerPortal = 1AFE86082A1FB89100BBEA1B /* Project object */;
			proxyType = 1;
			remoteGlobalIDString = 1AFE860F2A1FB89100BBEA1B;
			remoteInfo = ImageFeed;
		};
/* End PBXContainerItemProxy section */

/* Begin PBXFileReference section */
		1A2A77E92A4DD8E1009CF5AD /* SplashViewController.swift */ = {isa = PBXFileReference; lastKnownFileType = sourcecode.swift; path = SplashViewController.swift; sourceTree = "<group>"; };
		1A3170302A584E43001C4A26 /* ProfileService.swift */ = {isa = PBXFileReference; lastKnownFileType = sourcecode.swift; path = ProfileService.swift; sourceTree = "<group>"; };
		1A3170322A584F02001C4A26 /* PrifileResultModel.swift */ = {isa = PBXFileReference; lastKnownFileType = sourcecode.swift; path = PrifileResultModel.swift; sourceTree = "<group>"; };
		1A3170342A584FA2001C4A26 /* SnakeCaseJsonDecoder.swift */ = {isa = PBXFileReference; lastKnownFileType = sourcecode.swift; path = SnakeCaseJsonDecoder.swift; sourceTree = "<group>"; };
		1A5B7EBB2A447399007FE3EE /* Constants.swift */ = {isa = PBXFileReference; lastKnownFileType = sourcecode.swift; path = Constants.swift; sourceTree = "<group>"; };
		1A6236142A585BDE00710E80 /* ProfileModel.swift */ = {isa = PBXFileReference; lastKnownFileType = sourcecode.swift; path = ProfileModel.swift; sourceTree = "<group>"; };
		1A6424E42A47725200D6B46B /* OAuth2Service.swift */ = {isa = PBXFileReference; lastKnownFileType = sourcecode.swift; path = OAuth2Service.swift; sourceTree = "<group>"; };
		1A6424E82A4861D400D6B46B /* OAuth2TokenKeycheinStorage.swift */ = {isa = PBXFileReference; lastKnownFileType = sourcecode.swift; path = OAuth2TokenKeycheinStorage.swift; sourceTree = "<group>"; };
		1A6AC1E42A77BC2C00852B2C /* DateFormatError.swift */ = {isa = PBXFileReference; lastKnownFileType = sourcecode.swift; path = DateFormatError.swift; sourceTree = "<group>"; };
		1A6AC1E62A77BC8A00852B2C /* Clear.swift */ = {isa = PBXFileReference; lastKnownFileType = sourcecode.swift; path = Clear.swift; sourceTree = "<group>"; };
		1A6AC1E82A77BE4700852B2C /* DateFormat.swift */ = {isa = PBXFileReference; lastKnownFileType = sourcecode.swift; path = DateFormat.swift; sourceTree = "<group>"; };
		1A6EC8FC2A62C0DA0006EE0C /* TabBarViweController.swift */ = {isa = PBXFileReference; lastKnownFileType = sourcecode.swift; path = TabBarViweController.swift; sourceTree = "<group>"; };
		1A71D5122A31E9FA00B70452 /* ProfileViewController.swift */ = {isa = PBXFileReference; lastKnownFileType = sourcecode.swift; path = ProfileViewController.swift; sourceTree = "<group>"; };
		1A83F9532A3E094700EBD8F8 /* ImageListCellModel.swift */ = {isa = PBXFileReference; lastKnownFileType = sourcecode.swift; path = ImageListCellModel.swift; sourceTree = "<group>"; };
		1A9B8E8B2A5C808900A8E2D5 /* ExtensionsRequest.swift */ = {isa = PBXFileReference; lastKnownFileType = sourcecode.swift; path = ExtensionsRequest.swift; sourceTree = "<group>"; };
		1A9B8E8D2A5C81B200A8E2D5 /* ExtensionsURLSession.swift */ = {isa = PBXFileReference; lastKnownFileType = sourcecode.swift; path = ExtensionsURLSession.swift; sourceTree = "<group>"; };
		1A9B8E8F2A5C94B500A8E2D5 /* ProfileImageService.swift */ = {isa = PBXFileReference; lastKnownFileType = sourcecode.swift; path = ProfileImageService.swift; sourceTree = "<group>"; };
		1A9B8E912A5C951F00A8E2D5 /* UserResult.swift */ = {isa = PBXFileReference; lastKnownFileType = sourcecode.swift; path = UserResult.swift; sourceTree = "<group>"; };
		1ABEFF7A2A52AA7A00D38C90 /* OAuthTokenResponseBody.swift */ = {isa = PBXFileReference; lastKnownFileType = sourcecode.swift; path = OAuthTokenResponseBody.swift; sourceTree = "<group>"; };
		1ABF04122A44D96D00EA00B8 /* AuthViewController.swift */ = {isa = PBXFileReference; lastKnownFileType = sourcecode.swift; path = AuthViewController.swift; sourceTree = "<group>"; };
		1ABF04142A44DAE400EA00B8 /* WebViewViewController.swift */ = {isa = PBXFileReference; lastKnownFileType = sourcecode.swift; path = WebViewViewController.swift; sourceTree = "<group>"; };
		1AC0F1D32A583B5B00A2502F /* UIBlockingProgressHUD.swift */ = {isa = PBXFileReference; lastKnownFileType = sourcecode.swift; path = UIBlockingProgressHUD.swift; sourceTree = "<group>"; };
		1AC8566B2A6D46760091D4EC /* ImagesListService.swift */ = {isa = PBXFileReference; lastKnownFileType = sourcecode.swift; path = ImagesListService.swift; sourceTree = "<group>"; };
		1AC8566D2A6D480C0091D4EC /* PhotoModel.swift */ = {isa = PBXFileReference; lastKnownFileType = sourcecode.swift; path = PhotoModel.swift; sourceTree = "<group>"; };
		1AC8566F2A6D4D5A0091D4EC /* PhotoResult.swift */ = {isa = PBXFileReference; lastKnownFileType = sourcecode.swift; path = PhotoResult.swift; sourceTree = "<group>"; };
		1ACBB6032A618173000A37F3 /* KeychainError.swift */ = {isa = PBXFileReference; lastKnownFileType = sourcecode.swift; path = KeychainError.swift; sourceTree = "<group>"; };
		1ACCC8232A20DE3C00433E49 /* ExtensionsUIColor.swift */ = {isa = PBXFileReference; lastKnownFileType = sourcecode.swift; path = ExtensionsUIColor.swift; sourceTree = "<group>"; };
		1AD0754A2A335B0500A41082 /* SingleImageViewController.swift */ = {isa = PBXFileReference; lastKnownFileType = sourcecode.swift; path = SingleImageViewController.swift; sourceTree = "<group>"; };
		1ADD1C8C2A58960800E4BFFC /* NetworkError.swift */ = {isa = PBXFileReference; lastKnownFileType = sourcecode.swift; path = NetworkError.swift; sourceTree = "<group>"; };
		1ADDF6032A73A59C00C4AC09 /* LikeModel.swift */ = {isa = PBXFileReference; lastKnownFileType = sourcecode.swift; path = LikeModel.swift; sourceTree = "<group>"; };
		1AEAF11D2A21EFE1009DA20F /* ImagesListCell.swift */ = {isa = PBXFileReference; lastKnownFileType = sourcecode.swift; path = ImagesListCell.swift; sourceTree = "<group>"; };
		1AFE86102A1FB89100BBEA1B /* ImageFeed.app */ = {isa = PBXFileReference; explicitFileType = wrapper.application; includeInIndex = 0; path = ImageFeed.app; sourceTree = BUILT_PRODUCTS_DIR; };
		1AFE86132A1FB89100BBEA1B /* AppDelegate.swift */ = {isa = PBXFileReference; lastKnownFileType = sourcecode.swift; path = AppDelegate.swift; sourceTree = "<group>"; };
		1AFE86152A1FB89100BBEA1B /* SceneDelegate.swift */ = {isa = PBXFileReference; lastKnownFileType = sourcecode.swift; path = SceneDelegate.swift; sourceTree = "<group>"; };
		1AFE86172A1FB89100BBEA1B /* ImagesListViewController.swift */ = {isa = PBXFileReference; lastKnownFileType = sourcecode.swift; path = ImagesListViewController.swift; sourceTree = "<group>"; };
		1AFE861A2A1FB89100BBEA1B /* Base */ = {isa = PBXFileReference; lastKnownFileType = file.storyboard; name = Base; path = Base.lproj/Main.storyboard; sourceTree = "<group>"; };
		1AFE861C2A1FB89300BBEA1B /* Assets.xcassets */ = {isa = PBXFileReference; lastKnownFileType = folder.assetcatalog; path = Assets.xcassets; sourceTree = "<group>"; };
		1AFE861F2A1FB89300BBEA1B /* Base */ = {isa = PBXFileReference; lastKnownFileType = file.storyboard; name = Base; path = Base.lproj/LaunchScreen.storyboard; sourceTree = "<group>"; };
		1AFE86212A1FB89300BBEA1B /* Info.plist */ = {isa = PBXFileReference; lastKnownFileType = text.plist.xml; path = Info.plist; sourceTree = "<group>"; };
		1AFE86262A1FB89300BBEA1B /* ImageFeedTests.xctest */ = {isa = PBXFileReference; explicitFileType = wrapper.cfbundle; includeInIndex = 0; path = ImageFeedTests.xctest; sourceTree = BUILT_PRODUCTS_DIR; };
		1AFE862A2A1FB89300BBEA1B /* ImageFeedTests.swift */ = {isa = PBXFileReference; lastKnownFileType = sourcecode.swift; path = ImageFeedTests.swift; sourceTree = "<group>"; };
		1AFE86302A1FB89300BBEA1B /* ImageFeedUITests.xctest */ = {isa = PBXFileReference; explicitFileType = wrapper.cfbundle; includeInIndex = 0; path = ImageFeedUITests.xctest; sourceTree = BUILT_PRODUCTS_DIR; };
		1AFE86342A1FB89300BBEA1B /* ImageFeedUITests.swift */ = {isa = PBXFileReference; lastKnownFileType = sourcecode.swift; path = ImageFeedUITests.swift; sourceTree = "<group>"; };
		1AFE86362A1FB89300BBEA1B /* ImageFeedUITestsLaunchTests.swift */ = {isa = PBXFileReference; lastKnownFileType = sourcecode.swift; path = ImageFeedUITestsLaunchTests.swift; sourceTree = "<group>"; };
/* End PBXFileReference section */

/* Begin PBXFrameworksBuildPhase section */
		1AFE860D2A1FB89100BBEA1B /* Frameworks */ = {
			isa = PBXFrameworksBuildPhase;
			buildActionMask = 2147483647;
			files = (
				1ADCEC3C2A611640002CF2BD /* Kingfisher in Frameworks */,
				1A1A10602A56D76B00BFAD76 /* ProgressHUD in Frameworks */,
				1ACBB6012A616D7C000A37F3 /* SwiftKeychainWrapper in Frameworks */,
			);
			runOnlyForDeploymentPostprocessing = 0;
		};
		1AFE86232A1FB89300BBEA1B /* Frameworks */ = {
			isa = PBXFrameworksBuildPhase;
			buildActionMask = 2147483647;
			files = (
			);
			runOnlyForDeploymentPostprocessing = 0;
		};
		1AFE862D2A1FB89300BBEA1B /* Frameworks */ = {
			isa = PBXFrameworksBuildPhase;
			buildActionMask = 2147483647;
			files = (
			);
			runOnlyForDeploymentPostprocessing = 0;
		};
/* End PBXFrameworksBuildPhase section */

/* Begin PBXGroup section */
		1A2A77E82A4DD8A6009CF5AD /* SplashViewController */ = {
			isa = PBXGroup;
			children = (
				1A2A77E92A4DD8E1009CF5AD /* SplashViewController.swift */,
			);
			path = SplashViewController;
			sourceTree = "<group>";
		};
		1A31702F2A584DE0001C4A26 /* UIBlockingProgressHUD */ = {
			isa = PBXGroup;
			children = (
				1AC0F1D32A583B5B00A2502F /* UIBlockingProgressHUD.swift */,
			);
			path = UIBlockingProgressHUD;
			sourceTree = "<group>";
		};
		1A4235AB2A32168B009EA9D1 /* ProfileViewController */ = {
			isa = PBXGroup;
			children = (
				1A71D5122A31E9FA00B70452 /* ProfileViewController.swift */,
			);
			path = ProfileViewController;
			sourceTree = "<group>";
		};
		1A5B7EBA2A447373007FE3EE /* Constants */ = {
			isa = PBXGroup;
			children = (
				1A5B7EBB2A447399007FE3EE /* Constants.swift */,
			);
			path = Constants;
			sourceTree = "<group>";
		};
		1A6424E32A4771FB00D6B46B /* Services */ = {
			isa = PBXGroup;
			children = (
				1A6424E42A47725200D6B46B /* OAuth2Service.swift */,
				1A3170302A584E43001C4A26 /* ProfileService.swift */,
				1A9B8E8F2A5C94B500A8E2D5 /* ProfileImageService.swift */,
				1AC8566B2A6D46760091D4EC /* ImagesListService.swift */,
				1A6424E82A4861D400D6B46B /* OAuth2TokenKeycheinStorage.swift */,
				1A3170342A584FA2001C4A26 /* SnakeCaseJsonDecoder.swift */,
				1A9B8E8B2A5C808900A8E2D5 /* ExtensionsRequest.swift */,
				1A9B8E8D2A5C81B200A8E2D5 /* ExtensionsURLSession.swift */,
				1A6AC1E62A77BC8A00852B2C /* Clear.swift */,
			);
			path = Services;
			sourceTree = "<group>";
		};
		1A6EC8FB2A62C0790006EE0C /* TabBar */ = {
			isa = PBXGroup;
			children = (
				1A6EC8FC2A62C0DA0006EE0C /* TabBarViweController.swift */,
				1AEAF11C2A21EFB3009DA20F /* ImageList */,
				1A4235AB2A32168B009EA9D1 /* ProfileViewController */,
				1AEC1DBA2A33B20900701990 /* SingleImageViewController */,
			);
			path = TabBar;
			sourceTree = "<group>";
		};
		1A83F9522A3E091200EBD8F8 /* Models */ = {
			isa = PBXGroup;
			children = (
				1A83F9532A3E094700EBD8F8 /* ImageListCellModel.swift */,
				1ABEFF7A2A52AA7A00D38C90 /* OAuthTokenResponseBody.swift */,
				1A3170322A584F02001C4A26 /* PrifileResultModel.swift */,
				1A6236142A585BDE00710E80 /* ProfileModel.swift */,
				1A9B8E912A5C951F00A8E2D5 /* UserResult.swift */,
				1AC8566D2A6D480C0091D4EC /* PhotoModel.swift */,
				1AC8566F2A6D4D5A0091D4EC /* PhotoResult.swift */,
				1ADDF6032A73A59C00C4AC09 /* LikeModel.swift */,
			);
			path = Models;
			sourceTree = "<group>";
		};
		1ABF040D2A44D63000EA00B8 /* Auth */ = {
			isa = PBXGroup;
			children = (
				1ABF04122A44D96D00EA00B8 /* AuthViewController.swift */,
				1ABF04142A44DAE400EA00B8 /* WebViewViewController.swift */,
			);
			path = Auth;
			sourceTree = "<group>";
		};
		1ACBB6022A61813C000A37F3 /* EnumError */ = {
			isa = PBXGroup;
			children = (
				1ADD1C8C2A58960800E4BFFC /* NetworkError.swift */,
				1ACBB6032A618173000A37F3 /* KeychainError.swift */,
				1A6AC1E42A77BC2C00852B2C /* DateFormatError.swift */,
			);
			path = EnumError;
			sourceTree = "<group>";
		};
		1ACCC8222A20DDF400433E49 /* Helpers */ = {
			isa = PBXGroup;
			children = (
				1ACCC8232A20DE3C00433E49 /* ExtensionsUIColor.swift */,
				1A6AC1E82A77BE4700852B2C /* DateFormat.swift */,
			);
			path = Helpers;
			sourceTree = "<group>";
		};
		1AEAF11C2A21EFB3009DA20F /* ImageList */ = {
			isa = PBXGroup;
			children = (
				1AFE86172A1FB89100BBEA1B /* ImagesListViewController.swift */,
				1AEAF11D2A21EFE1009DA20F /* ImagesListCell.swift */,
			);
			path = ImageList;
			sourceTree = "<group>";
		};
		1AEC1DBA2A33B20900701990 /* SingleImageViewController */ = {
			isa = PBXGroup;
			children = (
				1AD0754A2A335B0500A41082 /* SingleImageViewController.swift */,
			);
			path = SingleImageViewController;
			sourceTree = "<group>";
		};
		1AFE86072A1FB89100BBEA1B = {
			isa = PBXGroup;
			children = (
				1AFE86122A1FB89100BBEA1B /* ImageFeed */,
				1AFE86292A1FB89300BBEA1B /* ImageFeedTests */,
				1AFE86332A1FB89300BBEA1B /* ImageFeedUITests */,
				1AFE86112A1FB89100BBEA1B /* Products */,
			);
			sourceTree = "<group>";
		};
		1AFE86112A1FB89100BBEA1B /* Products */ = {
			isa = PBXGroup;
			children = (
				1AFE86102A1FB89100BBEA1B /* ImageFeed.app */,
				1AFE86262A1FB89300BBEA1B /* ImageFeedTests.xctest */,
				1AFE86302A1FB89300BBEA1B /* ImageFeedUITests.xctest */,
			);
			name = Products;
			sourceTree = "<group>";
		};
		1AFE86122A1FB89100BBEA1B /* ImageFeed */ = {
			isa = PBXGroup;
			children = (
				1A6EC8FB2A62C0790006EE0C /* TabBar */,
				1A2A77E82A4DD8A6009CF5AD /* SplashViewController */,
				1ABF040D2A44D63000EA00B8 /* Auth */,
				1A6424E32A4771FB00D6B46B /* Services */,
				1A83F9522A3E091200EBD8F8 /* Models */,
				1ACBB6022A61813C000A37F3 /* EnumError */,
				1A31702F2A584DE0001C4A26 /* UIBlockingProgressHUD */,
				1A5B7EBA2A447373007FE3EE /* Constants */,
				1ACCC8222A20DDF400433E49 /* Helpers */,
				1AFE86132A1FB89100BBEA1B /* AppDelegate.swift */,
				1AFE86152A1FB89100BBEA1B /* SceneDelegate.swift */,
				1AFE86192A1FB89100BBEA1B /* Main.storyboard */,
				1AFE861C2A1FB89300BBEA1B /* Assets.xcassets */,
				1AFE861E2A1FB89300BBEA1B /* LaunchScreen.storyboard */,
				1AFE86212A1FB89300BBEA1B /* Info.plist */,
			);
			path = ImageFeed;
			sourceTree = "<group>";
		};
		1AFE86292A1FB89300BBEA1B /* ImageFeedTests */ = {
			isa = PBXGroup;
			children = (
				1AFE862A2A1FB89300BBEA1B /* ImageFeedTests.swift */,
			);
			path = ImageFeedTests;
			sourceTree = "<group>";
		};
		1AFE86332A1FB89300BBEA1B /* ImageFeedUITests */ = {
			isa = PBXGroup;
			children = (
				1AFE86342A1FB89300BBEA1B /* ImageFeedUITests.swift */,
				1AFE86362A1FB89300BBEA1B /* ImageFeedUITestsLaunchTests.swift */,
			);
			path = ImageFeedUITests;
			sourceTree = "<group>";
		};
/* End PBXGroup section */

/* Begin PBXNativeTarget section */
		1AFE860F2A1FB89100BBEA1B /* ImageFeed */ = {
			isa = PBXNativeTarget;
			buildConfigurationList = 1AFE863A2A1FB89300BBEA1B /* Build configuration list for PBXNativeTarget "ImageFeed" */;
			buildPhases = (
				1AFE860C2A1FB89100BBEA1B /* Sources */,
				1AFE860D2A1FB89100BBEA1B /* Frameworks */,
				1AFE860E2A1FB89100BBEA1B /* Resources */,
			);
			buildRules = (
			);
			dependencies = (
			);
			name = ImageFeed;
			packageProductDependencies = (
				1A1A105F2A56D76B00BFAD76 /* ProgressHUD */,
				1ADCEC3B2A611640002CF2BD /* Kingfisher */,
				1ACBB6002A616D7C000A37F3 /* SwiftKeychainWrapper */,
			);
			productName = ImageFeed;
			productReference = 1AFE86102A1FB89100BBEA1B /* ImageFeed.app */;
			productType = "com.apple.product-type.application";
		};
		1AFE86252A1FB89300BBEA1B /* ImageFeedTests */ = {
			isa = PBXNativeTarget;
			buildConfigurationList = 1AFE863D2A1FB89300BBEA1B /* Build configuration list for PBXNativeTarget "ImageFeedTests" */;
			buildPhases = (
				1AFE86222A1FB89300BBEA1B /* Sources */,
				1AFE86232A1FB89300BBEA1B /* Frameworks */,
				1AFE86242A1FB89300BBEA1B /* Resources */,
			);
			buildRules = (
			);
			dependencies = (
				1AFE86282A1FB89300BBEA1B /* PBXTargetDependency */,
			);
			name = ImageFeedTests;
			productName = ImageFeedTests;
			productReference = 1AFE86262A1FB89300BBEA1B /* ImageFeedTests.xctest */;
			productType = "com.apple.product-type.bundle.unit-test";
		};
		1AFE862F2A1FB89300BBEA1B /* ImageFeedUITests */ = {
			isa = PBXNativeTarget;
			buildConfigurationList = 1AFE86402A1FB89300BBEA1B /* Build configuration list for PBXNativeTarget "ImageFeedUITests" */;
			buildPhases = (
				1AFE862C2A1FB89300BBEA1B /* Sources */,
				1AFE862D2A1FB89300BBEA1B /* Frameworks */,
				1AFE862E2A1FB89300BBEA1B /* Resources */,
			);
			buildRules = (
			);
			dependencies = (
				1AFE86322A1FB89300BBEA1B /* PBXTargetDependency */,
			);
			name = ImageFeedUITests;
			productName = ImageFeedUITests;
			productReference = 1AFE86302A1FB89300BBEA1B /* ImageFeedUITests.xctest */;
			productType = "com.apple.product-type.bundle.ui-testing";
		};
/* End PBXNativeTarget section */

/* Begin PBXProject section */
		1AFE86082A1FB89100BBEA1B /* Project object */ = {
			isa = PBXProject;
			attributes = {
				BuildIndependentTargetsInParallel = 1;
				LastSwiftUpdateCheck = 1430;
				LastUpgradeCheck = 1430;
				TargetAttributes = {
					1AFE860F2A1FB89100BBEA1B = {
						CreatedOnToolsVersion = 14.3;
					};
					1AFE86252A1FB89300BBEA1B = {
						CreatedOnToolsVersion = 14.3;
						TestTargetID = 1AFE860F2A1FB89100BBEA1B;
					};
					1AFE862F2A1FB89300BBEA1B = {
						CreatedOnToolsVersion = 14.3;
						TestTargetID = 1AFE860F2A1FB89100BBEA1B;
					};
				};
			};
			buildConfigurationList = 1AFE860B2A1FB89100BBEA1B /* Build configuration list for PBXProject "ImageFeed" */;
			compatibilityVersion = "Xcode 14.0";
			developmentRegion = en;
			hasScannedForEncodings = 0;
			knownRegions = (
				en,
				Base,
			);
			mainGroup = 1AFE86072A1FB89100BBEA1B;
			packageReferences = (
				1A1A105E2A56D76B00BFAD76 /* XCRemoteSwiftPackageReference "ProgressHUD" */,
				1ADCEC3A2A611640002CF2BD /* XCRemoteSwiftPackageReference "Kingfisher" */,
				1ACBB5FF2A616D7C000A37F3 /* XCRemoteSwiftPackageReference "SwiftKeychainWrapper" */,
			);
			productRefGroup = 1AFE86112A1FB89100BBEA1B /* Products */;
			projectDirPath = "";
			projectRoot = "";
			targets = (
				1AFE860F2A1FB89100BBEA1B /* ImageFeed */,
				1AFE86252A1FB89300BBEA1B /* ImageFeedTests */,
				1AFE862F2A1FB89300BBEA1B /* ImageFeedUITests */,
			);
		};
/* End PBXProject section */

/* Begin PBXResourcesBuildPhase section */
		1AFE860E2A1FB89100BBEA1B /* Resources */ = {
			isa = PBXResourcesBuildPhase;
			buildActionMask = 2147483647;
			files = (
				1AFE86202A1FB89300BBEA1B /* LaunchScreen.storyboard in Resources */,
				1AFE861D2A1FB89300BBEA1B /* Assets.xcassets in Resources */,
				1AFE861B2A1FB89100BBEA1B /* Main.storyboard in Resources */,
			);
			runOnlyForDeploymentPostprocessing = 0;
		};
		1AFE86242A1FB89300BBEA1B /* Resources */ = {
			isa = PBXResourcesBuildPhase;
			buildActionMask = 2147483647;
			files = (
			);
			runOnlyForDeploymentPostprocessing = 0;
		};
		1AFE862E2A1FB89300BBEA1B /* Resources */ = {
			isa = PBXResourcesBuildPhase;
			buildActionMask = 2147483647;
			files = (
			);
			runOnlyForDeploymentPostprocessing = 0;
		};
/* End PBXResourcesBuildPhase section */

/* Begin PBXSourcesBuildPhase section */
		1AFE860C2A1FB89100BBEA1B /* Sources */ = {
			isa = PBXSourcesBuildPhase;
			buildActionMask = 2147483647;
			files = (
				1ADDF6042A73A59C00C4AC09 /* LikeModel.swift in Sources */,
				1ABF04132A44D96D00EA00B8 /* AuthViewController.swift in Sources */,
				1A71D5132A31E9FA00B70452 /* ProfileViewController.swift in Sources */,
				1ACCC8242A20DE3C00433E49 /* ExtensionsUIColor.swift in Sources */,
				1A6236152A585BDE00710E80 /* ProfileModel.swift in Sources */,
				1A5B7EBC2A447399007FE3EE /* Constants.swift in Sources */,
				1A9B8E8E2A5C81B200A8E2D5 /* ExtensionsURLSession.swift in Sources */,
				1AEAF11E2A21EFE1009DA20F /* ImagesListCell.swift in Sources */,
				1ABEFF7B2A52AA7A00D38C90 /* OAuthTokenResponseBody.swift in Sources */,
				1ACBB6042A618173000A37F3 /* KeychainError.swift in Sources */,
				1A6AC1E52A77BC2C00852B2C /* DateFormatError.swift in Sources */,
				1A9B8E922A5C951F00A8E2D5 /* UserResult.swift in Sources */,
				1A83F9542A3E094700EBD8F8 /* ImageListCellModel.swift in Sources */,
				1A6424E52A47725200D6B46B /* OAuth2Service.swift in Sources */,
				1A3170352A584FA2001C4A26 /* SnakeCaseJsonDecoder.swift in Sources */,
				1A3170312A584E43001C4A26 /* ProfileService.swift in Sources */,
				1A3170332A584F02001C4A26 /* PrifileResultModel.swift in Sources */,
				1AC856702A6D4D5A0091D4EC /* PhotoResult.swift in Sources */,
				1AD0754B2A335B0500A41082 /* SingleImageViewController.swift in Sources */,
				1A6AC1E72A77BC8A00852B2C /* Clear.swift in Sources */,
				1AFE86182A1FB89100BBEA1B /* ImagesListViewController.swift in Sources */,
				1AC8566C2A6D46760091D4EC /* ImagesListService.swift in Sources */,
				1A6AC1E92A77BE4700852B2C /* DateFormat.swift in Sources */,
				1AC8566E2A6D480C0091D4EC /* PhotoModel.swift in Sources */,
				1A2A77EA2A4DD8E1009CF5AD /* SplashViewController.swift in Sources */,
				1A6EC8FD2A62C0DA0006EE0C /* TabBarViweController.swift in Sources */,
				1AFE86142A1FB89100BBEA1B /* AppDelegate.swift in Sources */,
				1A6424E92A4861D400D6B46B /* OAuth2TokenKeycheinStorage.swift in Sources */,
				1ADD1C8D2A58960800E4BFFC /* NetworkError.swift in Sources */,
				1ABF04152A44DAE400EA00B8 /* WebViewViewController.swift in Sources */,
				1A9B8E8C2A5C808900A8E2D5 /* ExtensionsRequest.swift in Sources */,
				1AFE86162A1FB89100BBEA1B /* SceneDelegate.swift in Sources */,
				1AC0F1D42A583B5B00A2502F /* UIBlockingProgressHUD.swift in Sources */,
				1A9B8E902A5C94B500A8E2D5 /* ProfileImageService.swift in Sources */,
			);
			runOnlyForDeploymentPostprocessing = 0;
		};
		1AFE86222A1FB89300BBEA1B /* Sources */ = {
			isa = PBXSourcesBuildPhase;
			buildActionMask = 2147483647;
			files = (
				1AFE862B2A1FB89300BBEA1B /* ImageFeedTests.swift in Sources */,
			);
			runOnlyForDeploymentPostprocessing = 0;
		};
		1AFE862C2A1FB89300BBEA1B /* Sources */ = {
			isa = PBXSourcesBuildPhase;
			buildActionMask = 2147483647;
			files = (
				1AFE86372A1FB89300BBEA1B /* ImageFeedUITestsLaunchTests.swift in Sources */,
				1AFE86352A1FB89300BBEA1B /* ImageFeedUITests.swift in Sources */,
			);
			runOnlyForDeploymentPostprocessing = 0;
		};
/* End PBXSourcesBuildPhase section */

/* Begin PBXTargetDependency section */
		1AFE86282A1FB89300BBEA1B /* PBXTargetDependency */ = {
			isa = PBXTargetDependency;
			target = 1AFE860F2A1FB89100BBEA1B /* ImageFeed */;
			targetProxy = 1AFE86272A1FB89300BBEA1B /* PBXContainerItemProxy */;
		};
		1AFE86322A1FB89300BBEA1B /* PBXTargetDependency */ = {
			isa = PBXTargetDependency;
			target = 1AFE860F2A1FB89100BBEA1B /* ImageFeed */;
			targetProxy = 1AFE86312A1FB89300BBEA1B /* PBXContainerItemProxy */;
		};
/* End PBXTargetDependency section */

/* Begin PBXVariantGroup section */
		1AFE86192A1FB89100BBEA1B /* Main.storyboard */ = {
			isa = PBXVariantGroup;
			children = (
				1AFE861A2A1FB89100BBEA1B /* Base */,
			);
			name = Main.storyboard;
			sourceTree = "<group>";
		};
		1AFE861E2A1FB89300BBEA1B /* LaunchScreen.storyboard */ = {
			isa = PBXVariantGroup;
			children = (
				1AFE861F2A1FB89300BBEA1B /* Base */,
			);
			name = LaunchScreen.storyboard;
			sourceTree = "<group>";
		};
/* End PBXVariantGroup section */

/* Begin XCBuildConfiguration section */
		1AFE86382A1FB89300BBEA1B /* Debug */ = {
			isa = XCBuildConfiguration;
			buildSettings = {
				ALWAYS_SEARCH_USER_PATHS = NO;
				CLANG_ANALYZER_NONNULL = YES;
				CLANG_ANALYZER_NUMBER_OBJECT_CONVERSION = YES_AGGRESSIVE;
				CLANG_CXX_LANGUAGE_STANDARD = "gnu++20";
				CLANG_ENABLE_MODULES = YES;
				CLANG_ENABLE_OBJC_ARC = YES;
				CLANG_ENABLE_OBJC_WEAK = YES;
				CLANG_WARN_BLOCK_CAPTURE_AUTORELEASING = YES;
				CLANG_WARN_BOOL_CONVERSION = YES;
				CLANG_WARN_COMMA = YES;
				CLANG_WARN_CONSTANT_CONVERSION = YES;
				CLANG_WARN_DEPRECATED_OBJC_IMPLEMENTATIONS = YES;
				CLANG_WARN_DIRECT_OBJC_ISA_USAGE = YES_ERROR;
				CLANG_WARN_DOCUMENTATION_COMMENTS = YES;
				CLANG_WARN_EMPTY_BODY = YES;
				CLANG_WARN_ENUM_CONVERSION = YES;
				CLANG_WARN_INFINITE_RECURSION = YES;
				CLANG_WARN_INT_CONVERSION = YES;
				CLANG_WARN_NON_LITERAL_NULL_CONVERSION = YES;
				CLANG_WARN_OBJC_IMPLICIT_RETAIN_SELF = YES;
				CLANG_WARN_OBJC_LITERAL_CONVERSION = YES;
				CLANG_WARN_OBJC_ROOT_CLASS = YES_ERROR;
				CLANG_WARN_QUOTED_INCLUDE_IN_FRAMEWORK_HEADER = YES;
				CLANG_WARN_RANGE_LOOP_ANALYSIS = YES;
				CLANG_WARN_STRICT_PROTOTYPES = YES;
				CLANG_WARN_SUSPICIOUS_MOVE = YES;
				CLANG_WARN_UNGUARDED_AVAILABILITY = YES_AGGRESSIVE;
				CLANG_WARN_UNREACHABLE_CODE = YES;
				CLANG_WARN__DUPLICATE_METHOD_MATCH = YES;
				COPY_PHASE_STRIP = NO;
				DEBUG_INFORMATION_FORMAT = dwarf;
				ENABLE_STRICT_OBJC_MSGSEND = YES;
				ENABLE_TESTABILITY = YES;
				GCC_C_LANGUAGE_STANDARD = gnu11;
				GCC_DYNAMIC_NO_PIC = NO;
				GCC_NO_COMMON_BLOCKS = YES;
				GCC_OPTIMIZATION_LEVEL = 0;
				GCC_PREPROCESSOR_DEFINITIONS = (
					"DEBUG=1",
					"$(inherited)",
				);
				GCC_WARN_64_TO_32_BIT_CONVERSION = YES;
				GCC_WARN_ABOUT_RETURN_TYPE = YES_ERROR;
				GCC_WARN_UNDECLARED_SELECTOR = YES;
				GCC_WARN_UNINITIALIZED_AUTOS = YES_AGGRESSIVE;
				GCC_WARN_UNUSED_FUNCTION = YES;
				GCC_WARN_UNUSED_VARIABLE = YES;
				IPHONEOS_DEPLOYMENT_TARGET = 13.0;
				MTL_ENABLE_DEBUG_INFO = INCLUDE_SOURCE;
				MTL_FAST_MATH = YES;
				ONLY_ACTIVE_ARCH = YES;
				SDKROOT = iphoneos;
				SWIFT_ACTIVE_COMPILATION_CONDITIONS = DEBUG;
				SWIFT_OPTIMIZATION_LEVEL = "-Onone";
			};
			name = Debug;
		};
		1AFE86392A1FB89300BBEA1B /* Release */ = {
			isa = XCBuildConfiguration;
			buildSettings = {
				ALWAYS_SEARCH_USER_PATHS = NO;
				CLANG_ANALYZER_NONNULL = YES;
				CLANG_ANALYZER_NUMBER_OBJECT_CONVERSION = YES_AGGRESSIVE;
				CLANG_CXX_LANGUAGE_STANDARD = "gnu++20";
				CLANG_ENABLE_MODULES = YES;
				CLANG_ENABLE_OBJC_ARC = YES;
				CLANG_ENABLE_OBJC_WEAK = YES;
				CLANG_WARN_BLOCK_CAPTURE_AUTORELEASING = YES;
				CLANG_WARN_BOOL_CONVERSION = YES;
				CLANG_WARN_COMMA = YES;
				CLANG_WARN_CONSTANT_CONVERSION = YES;
				CLANG_WARN_DEPRECATED_OBJC_IMPLEMENTATIONS = YES;
				CLANG_WARN_DIRECT_OBJC_ISA_USAGE = YES_ERROR;
				CLANG_WARN_DOCUMENTATION_COMMENTS = YES;
				CLANG_WARN_EMPTY_BODY = YES;
				CLANG_WARN_ENUM_CONVERSION = YES;
				CLANG_WARN_INFINITE_RECURSION = YES;
				CLANG_WARN_INT_CONVERSION = YES;
				CLANG_WARN_NON_LITERAL_NULL_CONVERSION = YES;
				CLANG_WARN_OBJC_IMPLICIT_RETAIN_SELF = YES;
				CLANG_WARN_OBJC_LITERAL_CONVERSION = YES;
				CLANG_WARN_OBJC_ROOT_CLASS = YES_ERROR;
				CLANG_WARN_QUOTED_INCLUDE_IN_FRAMEWORK_HEADER = YES;
				CLANG_WARN_RANGE_LOOP_ANALYSIS = YES;
				CLANG_WARN_STRICT_PROTOTYPES = YES;
				CLANG_WARN_SUSPICIOUS_MOVE = YES;
				CLANG_WARN_UNGUARDED_AVAILABILITY = YES_AGGRESSIVE;
				CLANG_WARN_UNREACHABLE_CODE = YES;
				CLANG_WARN__DUPLICATE_METHOD_MATCH = YES;
				COPY_PHASE_STRIP = NO;
				DEBUG_INFORMATION_FORMAT = "dwarf-with-dsym";
				ENABLE_NS_ASSERTIONS = NO;
				ENABLE_STRICT_OBJC_MSGSEND = YES;
				GCC_C_LANGUAGE_STANDARD = gnu11;
				GCC_NO_COMMON_BLOCKS = YES;
				GCC_WARN_64_TO_32_BIT_CONVERSION = YES;
				GCC_WARN_ABOUT_RETURN_TYPE = YES_ERROR;
				GCC_WARN_UNDECLARED_SELECTOR = YES;
				GCC_WARN_UNINITIALIZED_AUTOS = YES_AGGRESSIVE;
				GCC_WARN_UNUSED_FUNCTION = YES;
				GCC_WARN_UNUSED_VARIABLE = YES;
				IPHONEOS_DEPLOYMENT_TARGET = 13.0;
				MTL_ENABLE_DEBUG_INFO = NO;
				MTL_FAST_MATH = YES;
				SDKROOT = iphoneos;
				SWIFT_COMPILATION_MODE = wholemodule;
				SWIFT_OPTIMIZATION_LEVEL = "-O";
				VALIDATE_PRODUCT = YES;
			};
			name = Release;
		};
		1AFE863B2A1FB89300BBEA1B /* Debug */ = {
			isa = XCBuildConfiguration;
			buildSettings = {
				ASSETCATALOG_COMPILER_APPICON_NAME = AppIcon;
				ASSETCATALOG_COMPILER_GLOBAL_ACCENT_COLOR_NAME = AccentColor;
				CODE_SIGN_STYLE = Automatic;
				CURRENT_PROJECT_VERSION = 1;
				DEVELOPMENT_TEAM = 4HXMY46TMH;
				GENERATE_INFOPLIST_FILE = YES;
				INFOPLIST_FILE = ImageFeed/Info.plist;
				INFOPLIST_KEY_LSApplicationCategoryType = "";
				INFOPLIST_KEY_UIApplicationSupportsIndirectInputEvents = YES;
				INFOPLIST_KEY_UILaunchStoryboardName = LaunchScreen;
				INFOPLIST_KEY_UIMainStoryboardFile = Main;
				INFOPLIST_KEY_UISupportedInterfaceOrientations_iPad = "UIInterfaceOrientationPortrait UIInterfaceOrientationPortraitUpsideDown UIInterfaceOrientationLandscapeLeft UIInterfaceOrientationLandscapeRight";
				INFOPLIST_KEY_UISupportedInterfaceOrientations_iPhone = UIInterfaceOrientationPortrait;
				IPHONEOS_DEPLOYMENT_TARGET = 13.0;
				LD_RUNPATH_SEARCH_PATHS = (
					"$(inherited)",
					"@executable_path/Frameworks",
				);
				MARKETING_VERSION = 1.0;
				PRODUCT_BUNDLE_IDENTIFIER = com.Grifon.ImageFeed;
				PRODUCT_NAME = "$(TARGET_NAME)";
				SUPPORTED_PLATFORMS = "iphoneos iphonesimulator";
				SUPPORTS_MACCATALYST = NO;
				SUPPORTS_MAC_DESIGNED_FOR_IPHONE_IPAD = YES;
				SWIFT_EMIT_LOC_STRINGS = YES;
				SWIFT_VERSION = 5.0;
				TARGETED_DEVICE_FAMILY = 1;
			};
			name = Debug;
		};
		1AFE863C2A1FB89300BBEA1B /* Release */ = {
			isa = XCBuildConfiguration;
			buildSettings = {
				ASSETCATALOG_COMPILER_APPICON_NAME = AppIcon;
				ASSETCATALOG_COMPILER_GLOBAL_ACCENT_COLOR_NAME = AccentColor;
				CODE_SIGN_STYLE = Automatic;
				CURRENT_PROJECT_VERSION = 1;
				DEVELOPMENT_TEAM = 4HXMY46TMH;
				GENERATE_INFOPLIST_FILE = YES;
				INFOPLIST_FILE = ImageFeed/Info.plist;
				INFOPLIST_KEY_LSApplicationCategoryType = "";
				INFOPLIST_KEY_UIApplicationSupportsIndirectInputEvents = YES;
				INFOPLIST_KEY_UILaunchStoryboardName = LaunchScreen;
				INFOPLIST_KEY_UIMainStoryboardFile = Main;
				INFOPLIST_KEY_UISupportedInterfaceOrientations_iPad = "UIInterfaceOrientationPortrait UIInterfaceOrientationPortraitUpsideDown UIInterfaceOrientationLandscapeLeft UIInterfaceOrientationLandscapeRight";
				INFOPLIST_KEY_UISupportedInterfaceOrientations_iPhone = UIInterfaceOrientationPortrait;
				IPHONEOS_DEPLOYMENT_TARGET = 13.0;
				LD_RUNPATH_SEARCH_PATHS = (
					"$(inherited)",
					"@executable_path/Frameworks",
				);
				MARKETING_VERSION = 1.0;
				PRODUCT_BUNDLE_IDENTIFIER = com.Grifon.ImageFeed;
				PRODUCT_NAME = "$(TARGET_NAME)";
				SUPPORTED_PLATFORMS = "iphoneos iphonesimulator";
				SUPPORTS_MACCATALYST = NO;
				SUPPORTS_MAC_DESIGNED_FOR_IPHONE_IPAD = YES;
				SWIFT_EMIT_LOC_STRINGS = YES;
				SWIFT_VERSION = 5.0;
				TARGETED_DEVICE_FAMILY = 1;
			};
			name = Release;
		};
		1AFE863E2A1FB89300BBEA1B /* Debug */ = {
			isa = XCBuildConfiguration;
			buildSettings = {
				ALWAYS_EMBED_SWIFT_STANDARD_LIBRARIES = YES;
				BUNDLE_LOADER = "$(TEST_HOST)";
				CODE_SIGN_STYLE = Automatic;
				CURRENT_PROJECT_VERSION = 1;
				DEVELOPMENT_TEAM = 4HXMY46TMH;
				GENERATE_INFOPLIST_FILE = YES;
				IPHONEOS_DEPLOYMENT_TARGET = 16.4;
				MARKETING_VERSION = 1.0;
				PRODUCT_BUNDLE_IDENTIFIER = com.Grifon.ImageFeedTests;
				PRODUCT_NAME = "$(TARGET_NAME)";
				SWIFT_EMIT_LOC_STRINGS = NO;
				SWIFT_VERSION = 5.0;
				TARGETED_DEVICE_FAMILY = "1,2";
				TEST_HOST = "$(BUILT_PRODUCTS_DIR)/ImageFeed.app/$(BUNDLE_EXECUTABLE_FOLDER_PATH)/ImageFeed";
			};
			name = Debug;
		};
		1AFE863F2A1FB89300BBEA1B /* Release */ = {
			isa = XCBuildConfiguration;
			buildSettings = {
				ALWAYS_EMBED_SWIFT_STANDARD_LIBRARIES = YES;
				BUNDLE_LOADER = "$(TEST_HOST)";
				CODE_SIGN_STYLE = Automatic;
				CURRENT_PROJECT_VERSION = 1;
				DEVELOPMENT_TEAM = 4HXMY46TMH;
				GENERATE_INFOPLIST_FILE = YES;
				IPHONEOS_DEPLOYMENT_TARGET = 16.4;
				MARKETING_VERSION = 1.0;
				PRODUCT_BUNDLE_IDENTIFIER = com.Grifon.ImageFeedTests;
				PRODUCT_NAME = "$(TARGET_NAME)";
				SWIFT_EMIT_LOC_STRINGS = NO;
				SWIFT_VERSION = 5.0;
				TARGETED_DEVICE_FAMILY = "1,2";
				TEST_HOST = "$(BUILT_PRODUCTS_DIR)/ImageFeed.app/$(BUNDLE_EXECUTABLE_FOLDER_PATH)/ImageFeed";
			};
			name = Release;
		};
		1AFE86412A1FB89300BBEA1B /* Debug */ = {
			isa = XCBuildConfiguration;
			buildSettings = {
				ALWAYS_EMBED_SWIFT_STANDARD_LIBRARIES = YES;
				CODE_SIGN_STYLE = Automatic;
				CURRENT_PROJECT_VERSION = 1;
				DEVELOPMENT_TEAM = 4HXMY46TMH;
				GENERATE_INFOPLIST_FILE = YES;
				MARKETING_VERSION = 1.0;
				PRODUCT_BUNDLE_IDENTIFIER = com.Grifon.ImageFeedUITests;
				PRODUCT_NAME = "$(TARGET_NAME)";
				SWIFT_EMIT_LOC_STRINGS = NO;
				SWIFT_VERSION = 5.0;
				TARGETED_DEVICE_FAMILY = "1,2";
				TEST_TARGET_NAME = ImageFeed;
			};
			name = Debug;
		};
		1AFE86422A1FB89300BBEA1B /* Release */ = {
			isa = XCBuildConfiguration;
			buildSettings = {
				ALWAYS_EMBED_SWIFT_STANDARD_LIBRARIES = YES;
				CODE_SIGN_STYLE = Automatic;
				CURRENT_PROJECT_VERSION = 1;
				DEVELOPMENT_TEAM = 4HXMY46TMH;
				GENERATE_INFOPLIST_FILE = YES;
				MARKETING_VERSION = 1.0;
				PRODUCT_BUNDLE_IDENTIFIER = com.Grifon.ImageFeedUITests;
				PRODUCT_NAME = "$(TARGET_NAME)";
				SWIFT_EMIT_LOC_STRINGS = NO;
				SWIFT_VERSION = 5.0;
				TARGETED_DEVICE_FAMILY = "1,2";
				TEST_TARGET_NAME = ImageFeed;
			};
			name = Release;
		};
/* End XCBuildConfiguration section */

/* Begin XCConfigurationList section */
		1AFE860B2A1FB89100BBEA1B /* Build configuration list for PBXProject "ImageFeed" */ = {
			isa = XCConfigurationList;
			buildConfigurations = (
				1AFE86382A1FB89300BBEA1B /* Debug */,
				1AFE86392A1FB89300BBEA1B /* Release */,
			);
			defaultConfigurationIsVisible = 0;
			defaultConfigurationName = Release;
		};
		1AFE863A2A1FB89300BBEA1B /* Build configuration list for PBXNativeTarget "ImageFeed" */ = {
			isa = XCConfigurationList;
			buildConfigurations = (
				1AFE863B2A1FB89300BBEA1B /* Debug */,
				1AFE863C2A1FB89300BBEA1B /* Release */,
			);
			defaultConfigurationIsVisible = 0;
			defaultConfigurationName = Release;
		};
		1AFE863D2A1FB89300BBEA1B /* Build configuration list for PBXNativeTarget "ImageFeedTests" */ = {
			isa = XCConfigurationList;
			buildConfigurations = (
				1AFE863E2A1FB89300BBEA1B /* Debug */,
				1AFE863F2A1FB89300BBEA1B /* Release */,
			);
			defaultConfigurationIsVisible = 0;
			defaultConfigurationName = Release;
		};
		1AFE86402A1FB89300BBEA1B /* Build configuration list for PBXNativeTarget "ImageFeedUITests" */ = {
			isa = XCConfigurationList;
			buildConfigurations = (
				1AFE86412A1FB89300BBEA1B /* Debug */,
				1AFE86422A1FB89300BBEA1B /* Release */,
			);
			defaultConfigurationIsVisible = 0;
			defaultConfigurationName = Release;
		};
/* End XCConfigurationList section */

/* Begin XCRemoteSwiftPackageReference section */
		1A1A105E2A56D76B00BFAD76 /* XCRemoteSwiftPackageReference "ProgressHUD" */ = {
			isa = XCRemoteSwiftPackageReference;
			repositoryURL = "https://github.com/relatedcode/ProgressHUD";
			requirement = {
				kind = upToNextMajorVersion;
				minimumVersion = 13.0.0;
			};
		};
		1ACBB5FF2A616D7C000A37F3 /* XCRemoteSwiftPackageReference "SwiftKeychainWrapper" */ = {
			isa = XCRemoteSwiftPackageReference;
			repositoryURL = "https://github.com/jrendel/SwiftKeychainWrapper";
			requirement = {
				kind = upToNextMajorVersion;
				minimumVersion = 4.0.0;
			};
		};
		1ADCEC3A2A611640002CF2BD /* XCRemoteSwiftPackageReference "Kingfisher" */ = {
			isa = XCRemoteSwiftPackageReference;
			repositoryURL = "https://github.com/onevcat/Kingfisher";
			requirement = {
				kind = upToNextMajorVersion;
				minimumVersion = 7.0.0;
			};
		};
/* End XCRemoteSwiftPackageReference section */

/* Begin XCSwiftPackageProductDependency section */
		1A1A105F2A56D76B00BFAD76 /* ProgressHUD */ = {
			isa = XCSwiftPackageProductDependency;
			package = 1A1A105E2A56D76B00BFAD76 /* XCRemoteSwiftPackageReference "ProgressHUD" */;
			productName = ProgressHUD;
		};
		1ACBB6002A616D7C000A37F3 /* SwiftKeychainWrapper */ = {
			isa = XCSwiftPackageProductDependency;
			package = 1ACBB5FF2A616D7C000A37F3 /* XCRemoteSwiftPackageReference "SwiftKeychainWrapper" */;
			productName = SwiftKeychainWrapper;
		};
		1ADCEC3B2A611640002CF2BD /* Kingfisher */ = {
			isa = XCSwiftPackageProductDependency;
			package = 1ADCEC3A2A611640002CF2BD /* XCRemoteSwiftPackageReference "Kingfisher" */;
			productName = Kingfisher;
		};
/* End XCSwiftPackageProductDependency section */
	};
	rootObject = 1AFE86082A1FB89100BBEA1B /* Project object */;
}
