// !$*UTF8*$!
{
	archiveVersion = 1;
	classes = {
	};
	objectVersion = 56;
	objects = {

/* Begin PBXBuildFile section */
		1ACA61122A3B2D13009F2141 /* ProfileViewController.swift in Sources */ = {isa = PBXBuildFile; fileRef = 1ACA61112A3B2D13009F2141 /* ProfileViewController.swift */; };
		1ACCC8242A20DE3C00433E49 /* Extensions UIColor.swift in Sources */ = {isa = PBXBuildFile; fileRef = 1ACCC8232A20DE3C00433E49 /* Extensions UIColor.swift */; };
		1AEAF11E2A21EFE1009DA20F /* ImagesListCell.swift in Sources */ = {isa = PBXBuildFile; fileRef = 1AEAF11D2A21EFE1009DA20F /* ImagesListCell.swift */; };
		1AFE86142A1FB89100BBEA1B /* AppDelegate.swift in Sources */ = {isa = PBXBuildFile; fileRef = 1AFE86132A1FB89100BBEA1B /* AppDelegate.swift */; };
		1AFE86162A1FB89100BBEA1B /* SceneDelegate.swift in Sources */ = {isa = PBXBuildFile; fileRef = 1AFE86152A1FB89100BBEA1B /* SceneDelegate.swift */; };
		1AFE86182A1FB89100BBEA1B /* ImagesListViewController.swift in Sources */ = {isa = PBXBuildFile; fileRef = 1AFE86172A1FB89100BBEA1B /* ImagesListViewController.swift */; };
		1AFE861B2A1FB89100BBEA1B /* Main.storyboard in Resources */ = {isa = PBXBuildFile; fileRef = 1AFE86192A1FB89100BBEA1B /* Main.storyboard */; };
		1AFE861D2A1FB89300BBEA1B /* Assets.xcassets in Resources */ = {isa = PBXBuildFile; fileRef = 1AFE861C2A1FB89300BBEA1B /* Assets.xcassets */; };
		1AFE86202A1FB89300BBEA1B /* LaunchScreen.storyboard in Resources */ = {isa = PBXBuildFile; fileRef = 1AFE861E2A1FB89300BBEA1B /* LaunchScreen.storyboard */; };
		1AFE862B2A1FB89300BBEA1B /* ImageFeedTests.swift in Sources */ = {isa = PBXBuildFile; fileRef = 1AFE862A2A1FB89300BBEA1B /* ImageFeedTests.swift */; };
		1AFE86352A1FB89300BBEA1B /* ImageFeedUITests.swift in Sources */ = {isa = PBXBuildFile; fileRef = 1AFE86342A1FB89300BBEA1B /* ImageFeedUITests.swift */; };
		1AFE86372A1FB89300BBEA1B /* ImageFeedUITestsLaunchTests.swift in Sources */ = {isa = PBXBuildFile; fileRef = 1AFE86362A1FB89300BBEA1B /* ImageFeedUITestsLaunchTests.swift */; };
/* End PBXBuildFile section */

/* Begin PBXContainerItemProxy section */
		1AFE86272A1FB89300BBEA1B /* PBXContainerItemProxy */ = {
			isa = PBXContainerItemProxy;
			containerPortal = 1AFE86082A1FB89100BBEA1B /* Project object */;
			proxyType = 1;
			remoteGlobalIDString = 1AFE860F2A1FB89100BBEA1B;
			remoteInfo = ImageFeed;
		};
		1AFE86312A1FB89300BBEA1B /* PBXContainerItemProxy */ = {
			isa = PBXContainerItemProxy;
			containerPortal = 1AFE86082A1FB89100BBEA1B /* Project object */;
			proxyType = 1;
			remoteGlobalIDString = 1AFE860F2A1FB89100BBEA1B;
			remoteInfo = ImageFeed;
		};
/* End PBXContainerItemProxy section */

/* Begin PBXFileReference section */
		1ACA61112A3B2D13009F2141 /* ProfileViewController.swift */ = {isa = PBXFileReference; lastKnownFileType = sourcecode.swift; path = ProfileViewController.swift; sourceTree = "<group>"; };
		1ACCC8232A20DE3C00433E49 /* Extensions UIColor.swift */ = {isa = PBXFileReference; lastKnownFileType = sourcecode.swift; path = "Extensions UIColor.swift"; sourceTree = "<group>"; };
		1AEAF11D2A21EFE1009DA20F /* ImagesListCell.swift */ = {isa = PBXFileReference; lastKnownFileType = sourcecode.swift; path = ImagesListCell.swift; sourceTree = "<group>"; };
		1AFE86102A1FB89100BBEA1B /* ImageFeed.app */ = {isa = PBXFileReference; explicitFileType = wrapper.application; includeInIndex = 0; path = ImageFeed.app; sourceTree = BUILT_PRODUCTS_DIR; };
		1AFE86132A1FB89100BBEA1B /* AppDelegate.swift */ = {isa = PBXFileReference; lastKnownFileType = sourcecode.swift; path = AppDelegate.swift; sourceTree = "<group>"; };
		1AFE86152A1FB89100BBEA1B /* SceneDelegate.swift */ = {isa = PBXFileReference; lastKnownFileType = sourcecode.swift; path = SceneDelegate.swift; sourceTree = "<group>"; };
		1AFE86172A1FB89100BBEA1B /* ImagesListViewController.swift */ = {isa = PBXFileReference; lastKnownFileType = sourcecode.swift; path = ImagesListViewController.swift; sourceTree = "<group>"; };
		1AFE861A2A1FB89100BBEA1B /* Base */ = {isa = PBXFileReference; lastKnownFileType = file.storyboard; name = Base; path = Base.lproj/Main.storyboard; sourceTree = "<group>"; };
		1AFE861C2A1FB89300BBEA1B /* Assets.xcassets */ = {isa = PBXFileReference; lastKnownFileType = folder.assetcatalog; path = Assets.xcassets; sourceTree = "<group>"; };
		1AFE861F2A1FB89300BBEA1B /* Base */ = {isa = PBXFileReference; lastKnownFileType = file.storyboard; name = Base; path = Base.lproj/LaunchScreen.storyboard; sourceTree = "<group>"; };
		1AFE86212A1FB89300BBEA1B /* Info.plist */ = {isa = PBXFileReference; lastKnownFileType = text.plist.xml; path = Info.plist; sourceTree = "<group>"; };
		1AFE86262A1FB89300BBEA1B /* ImageFeedTests.xctest */ = {isa = PBXFileReference; explicitFileType = wrapper.cfbundle; includeInIndex = 0; path = ImageFeedTests.xctest; sourceTree = BUILT_PRODUCTS_DIR; };
		1AFE862A2A1FB89300BBEA1B /* ImageFeedTests.swift */ = {isa = PBXFileReference; lastKnownFileType = sourcecode.swift; path = ImageFeedTests.swift; sourceTree = "<group>"; };
		1AFE86302A1FB89300BBEA1B /* ImageFeedUITests.xctest */ = {isa = PBXFileReference; explicitFileType = wrapper.cfbundle; includeInIndex = 0; path = ImageFeedUITests.xctest; sourceTree = BUILT_PRODUCTS_DIR; };
		1AFE86342A1FB89300BBEA1B /* ImageFeedUITests.swift */ = {isa = PBXFileReference; lastKnownFileType = sourcecode.swift; path = ImageFeedUITests.swift; sourceTree = "<group>"; };
		1AFE86362A1FB89300BBEA1B /* ImageFeedUITestsLaunchTests.swift */ = {isa = PBXFileReference; lastKnownFileType = sourcecode.swift; path = ImageFeedUITestsLaunchTests.swift; sourceTree = "<group>"; };
/* End PBXFileReference section */

/* Begin PBXFrameworksBuildPhase section */
		1AFE860D2A1FB89100BBEA1B /* Frameworks */ = {
			isa = PBXFrameworksBuildPhase;
			buildActionMask = 2147483647;
			files = (
			);
			runOnlyForDeploymentPostprocessing = 0;
		};
		1AFE86232A1FB89300BBEA1B /* Frameworks */ = {
			isa = PBXFrameworksBuildPhase;
			buildActionMask = 2147483647;
			files = (
			);
			runOnlyForDeploymentPostprocessing = 0;
		};
		1AFE862D2A1FB89300BBEA1B /* Frameworks */ = {
			isa = PBXFrameworksBuildPhase;
			buildActionMask = 2147483647;
			files = (
			);
			runOnlyForDeploymentPostprocessing = 0;
		};
/* End PBXFrameworksBuildPhase section */

/* Begin PBXGroup section */
		1ACCC8222A20DDF400433E49 /* Helpers */ = {
			isa = PBXGroup;
			children = (
				1ACCC8232A20DE3C00433E49 /* Extensions UIColor.swift */,
			);
			path = Helpers;
			sourceTree = "<group>";
		};
		1AEAF11C2A21EFB3009DA20F /* ImageList */ = {
			isa = PBXGroup;
			children = (
				1AFE86172A1FB89100BBEA1B /* ImagesListViewController.swift */,
				1AEAF11D2A21EFE1009DA20F /* ImagesListCell.swift */,
			);
			path = ImageList;
			sourceTree = "<group>";
		};
		1AFE86072A1FB89100BBEA1B = {
			isa = PBXGroup;
			children = (
				1ACA61112A3B2D13009F2141 /* ProfileViewController.swift */,
				1AFE86122A1FB89100BBEA1B /* ImageFeed */,
				1AFE86292A1FB89300BBEA1B /* ImageFeedTests */,
				1AFE86332A1FB89300BBEA1B /* ImageFeedUITests */,
				1AFE86112A1FB89100BBEA1B /* Products */,
			);
			sourceTree = "<group>";
		};
		1AFE86112A1FB89100BBEA1B /* Products */ = {
			isa = PBXGroup;
			children = (
				1AFE86102A1FB89100BBEA1B /* ImageFeed.app */,
				1AFE86262A1FB89300BBEA1B /* ImageFeedTests.xctest */,
				1AFE86302A1FB89300BBEA1B /* ImageFeedUITests.xctest */,
			);
			name = Products;
			sourceTree = "<group>";
		};
		1AFE86122A1FB89100BBEA1B /* ImageFeed */ = {
			isa = PBXGroup;
			children = (
				1AEAF11C2A21EFB3009DA20F /* ImageList */,
				1AFE86132A1FB89100BBEA1B /* AppDelegate.swift */,
				1AFE86152A1FB89100BBEA1B /* SceneDelegate.swift */,
				1AFE86192A1FB89100BBEA1B /* Main.storyboard */,
				1AFE861C2A1FB89300BBEA1B /* Assets.xcassets */,
				1AFE861E2A1FB89300BBEA1B /* LaunchScreen.storyboard */,
				1AFE86212A1FB89300BBEA1B /* Info.plist */,
				1ACCC8222A20DDF400433E49 /* Helpers */,
			);
			path = ImageFeed;
			sourceTree = "<group>";
		};
		1AFE86292A1FB89300BBEA1B /* ImageFeedTests */ = {
			isa = PBXGroup;
			children = (
				1AFE862A2A1FB89300BBEA1B /* ImageFeedTests.swift */,
			);
			path = ImageFeedTests;
			sourceTree = "<group>";
		};
		1AFE86332A1FB89300BBEA1B /* ImageFeedUITests */ = {
			isa = PBXGroup;
			children = (
				1AFE86342A1FB89300BBEA1B /* ImageFeedUITests.swift */,
				1AFE86362A1FB89300BBEA1B /* ImageFeedUITestsLaunchTests.swift */,
			);
			path = ImageFeedUITests;
			sourceTree = "<group>";
		};
/* End PBXGroup section */

/* Begin PBXNativeTarget section */
		1AFE860F2A1FB89100BBEA1B /* ImageFeed */ = {
			isa = PBXNativeTarget;
			buildConfigurationList = 1AFE863A2A1FB89300BBEA1B /* Build configuration list for PBXNativeTarget "ImageFeed" */;
			buildPhases = (
				1AFE860C2A1FB89100BBEA1B /* Sources */,
				1AFE860D2A1FB89100BBEA1B /* Frameworks */,
				1AFE860E2A1FB89100BBEA1B /* Resources */,
			);
			buildRules = (
			);
			dependencies = (
			);
			name = ImageFeed;
			productName = ImageFeed;
			productReference = 1AFE86102A1FB89100BBEA1B /* ImageFeed.app */;
			productType = "com.apple.product-type.application";
		};
		1AFE86252A1FB89300BBEA1B /* ImageFeedTests */ = {
			isa = PBXNativeTarget;
			buildConfigurationList = 1AFE863D2A1FB89300BBEA1B /* Build configuration list for PBXNativeTarget "ImageFeedTests" */;
			buildPhases = (
				1AFE86222A1FB89300BBEA1B /* Sources */,
				1AFE86232A1FB89300BBEA1B /* Frameworks */,
				1AFE86242A1FB89300BBEA1B /* Resources */,
			);
			buildRules = (
			);
			dependencies = (
				1AFE86282A1FB89300BBEA1B /* PBXTargetDependency */,
			);
			name = ImageFeedTests;
			productName = ImageFeedTests;
			productReference = 1AFE86262A1FB89300BBEA1B /* ImageFeedTests.xctest */;
			productType = "com.apple.product-type.bundle.unit-test";
		};
		1AFE862F2A1FB89300BBEA1B /* ImageFeedUITests */ = {
			isa = PBXNativeTarget;
			buildConfigurationList = 1AFE86402A1FB89300BBEA1B /* Build configuration list for PBXNativeTarget "ImageFeedUITests" */;
			buildPhases = (
				1AFE862C2A1FB89300BBEA1B /* Sources */,
				1AFE862D2A1FB89300BBEA1B /* Frameworks */,
				1AFE862E2A1FB89300BBEA1B /* Resources */,
			);
			buildRules = (
			);
			dependencies = (
				1AFE86322A1FB89300BBEA1B /* PBXTargetDependency */,
			);
			name = ImageFeedUITests;
			productName = ImageFeedUITests;
			productReference = 1AFE86302A1FB89300BBEA1B /* ImageFeedUITests.xctest */;
			productType = "com.apple.product-type.bundle.ui-testing";
		};
/* End PBXNativeTarget section */

/* Begin PBXProject section */
		1AFE86082A1FB89100BBEA1B /* Project object */ = {
			isa = PBXProject;
			attributes = {
				BuildIndependentTargetsInParallel = 1;
				LastSwiftUpdateCheck = 1430;
				LastUpgradeCheck = 1430;
				TargetAttributes = {
					1AFE860F2A1FB89100BBEA1B = {
						CreatedOnToolsVersion = 14.3;
					};
					1AFE86252A1FB89300BBEA1B = {
						CreatedOnToolsVersion = 14.3;
						TestTargetID = 1AFE860F2A1FB89100BBEA1B;
					};
					1AFE862F2A1FB89300BBEA1B = {
						CreatedOnToolsVersion = 14.3;
						TestTargetID = 1AFE860F2A1FB89100BBEA1B;
					};
				};
			};
			buildConfigurationList = 1AFE860B2A1FB89100BBEA1B /* Build configuration list for PBXProject "ImageFeed" */;
			compatibilityVersion = "Xcode 14.0";
			developmentRegion = en;
			hasScannedForEncodings = 0;
			knownRegions = (
				en,
				Base,
			);
			mainGroup = 1AFE86072A1FB89100BBEA1B;
			productRefGroup = 1AFE86112A1FB89100BBEA1B /* Products */;
			projectDirPath = "";
			projectRoot = "";
			targets = (
				1AFE860F2A1FB89100BBEA1B /* ImageFeed */,
				1AFE86252A1FB89300BBEA1B /* ImageFeedTests */,
				1AFE862F2A1FB89300BBEA1B /* ImageFeedUITests */,
			);
		};
/* End PBXProject section */

/* Begin PBXResourcesBuildPhase section */
		1AFE860E2A1FB89100BBEA1B /* Resources */ = {
			isa = PBXResourcesBuildPhase;
			buildActionMask = 2147483647;
			files = (
				1AFE86202A1FB89300BBEA1B /* LaunchScreen.storyboard in Resources */,
				1AFE861D2A1FB89300BBEA1B /* Assets.xcassets in Resources */,
				1AFE861B2A1FB89100BBEA1B /* Main.storyboard in Resources */,
			);
			runOnlyForDeploymentPostprocessing = 0;
		};
		1AFE86242A1FB89300BBEA1B /* Resources */ = {
			isa = PBXResourcesBuildPhase;
			buildActionMask = 2147483647;
			files = (
			);
			runOnlyForDeploymentPostprocessing = 0;
		};
		1AFE862E2A1FB89300BBEA1B /* Resources */ = {
			isa = PBXResourcesBuildPhase;
			buildActionMask = 2147483647;
			files = (
			);
			runOnlyForDeploymentPostprocessing = 0;
		};
/* End PBXResourcesBuildPhase section */

/* Begin PBXSourcesBuildPhase section */
		1AFE860C2A1FB89100BBEA1B /* Sources */ = {
			isa = PBXSourcesBuildPhase;
			buildActionMask = 2147483647;
			files = (
				1ACA61122A3B2D13009F2141 /* ProfileViewController.swift in Sources */,
				1ACCC8242A20DE3C00433E49 /* Extensions UIColor.swift in Sources */,
				1AEAF11E2A21EFE1009DA20F /* ImagesListCell.swift in Sources */,
				1AFE86182A1FB89100BBEA1B /* ImagesListViewController.swift in Sources */,
				1AFE86142A1FB89100BBEA1B /* AppDelegate.swift in Sources */,
				1AFE86162A1FB89100BBEA1B /* SceneDelegate.swift in Sources */,
			);
			runOnlyForDeploymentPostprocessing = 0;
		};
		1AFE86222A1FB89300BBEA1B /* Sources */ = {
			isa = PBXSourcesBuildPhase;
			buildActionMask = 2147483647;
			files = (
				1AFE862B2A1FB89300BBEA1B /* ImageFeedTests.swift in Sources */,
			);
			runOnlyForDeploymentPostprocessing = 0;
		};
		1AFE862C2A1FB89300BBEA1B /* Sources */ = {
			isa = PBXSourcesBuildPhase;
			buildActionMask = 2147483647;
			files = (
				1AFE86372A1FB89300BBEA1B /* ImageFeedUITestsLaunchTests.swift in Sources */,
				1AFE86352A1FB89300BBEA1B /* ImageFeedUITests.swift in Sources */,
			);
			runOnlyForDeploymentPostprocessing = 0;
		};
/* End PBXSourcesBuildPhase section */

/* Begin PBXTargetDependency section */
		1AFE86282A1FB89300BBEA1B /* PBXTargetDependency */ = {
			isa = PBXTargetDependency;
			target = 1AFE860F2A1FB89100BBEA1B /* ImageFeed */;
			targetProxy = 1AFE86272A1FB89300BBEA1B /* PBXContainerItemProxy */;
		};
		1AFE86322A1FB89300BBEA1B /* PBXTargetDependency */ = {
			isa = PBXTargetDependency;
			target = 1AFE860F2A1FB89100BBEA1B /* ImageFeed */;
			targetProxy = 1AFE86312A1FB89300BBEA1B /* PBXContainerItemProxy */;
		};
/* End PBXTargetDependency section */

/* Begin PBXVariantGroup section */
		1AFE86192A1FB89100BBEA1B /* Main.storyboard */ = {
			isa = PBXVariantGroup;
			children = (
				1AFE861A2A1FB89100BBEA1B /* Base */,
			);
			name = Main.storyboard;
			sourceTree = "<group>";
		};
		1AFE861E2A1FB89300BBEA1B /* LaunchScreen.storyboard */ = {
			isa = PBXVariantGroup;
			children = (
				1AFE861F2A1FB89300BBEA1B /* Base */,
			);
			name = LaunchScreen.storyboard;
			sourceTree = "<group>";
		};
/* End PBXVariantGroup section */

/* Begin XCBuildConfiguration section */
		1AFE86382A1FB89300BBEA1B /* Debug */ = {
			isa = XCBuildConfiguration;
			buildSettings = {
				ALWAYS_SEARCH_USER_PATHS = NO;
				CLANG_ANALYZER_NONNULL = YES;
				CLANG_ANALYZER_NUMBER_OBJECT_CONVERSION = YES_AGGRESSIVE;
				CLANG_CXX_LANGUAGE_STANDARD = "gnu++20";
				CLANG_ENABLE_MODULES = YES;
				CLANG_ENABLE_OBJC_ARC = YES;
				CLANG_ENABLE_OBJC_WEAK = YES;
				CLANG_WARN_BLOCK_CAPTURE_AUTORELEASING = YES;
				CLANG_WARN_BOOL_CONVERSION = YES;
				CLANG_WARN_COMMA = YES;
				CLANG_WARN_CONSTANT_CONVERSION = YES;
				CLANG_WARN_DEPRECATED_OBJC_IMPLEMENTATIONS = YES;
				CLANG_WARN_DIRECT_OBJC_ISA_USAGE = YES_ERROR;
				CLANG_WARN_DOCUMENTATION_COMMENTS = YES;
				CLANG_WARN_EMPTY_BODY = YES;
				CLANG_WARN_ENUM_CONVERSION = YES;
				CLANG_WARN_INFINITE_RECURSION = YES;
				CLANG_WARN_INT_CONVERSION = YES;
				CLANG_WARN_NON_LITERAL_NULL_CONVERSION = YES;
				CLANG_WARN_OBJC_IMPLICIT_RETAIN_SELF = YES;
				CLANG_WARN_OBJC_LITERAL_CONVERSION = YES;
				CLANG_WARN_OBJC_ROOT_CLASS = YES_ERROR;
				CLANG_WARN_QUOTED_INCLUDE_IN_FRAMEWORK_HEADER = YES;
				CLANG_WARN_RANGE_LOOP_ANALYSIS = YES;
				CLANG_WARN_STRICT_PROTOTYPES = YES;
				CLANG_WARN_SUSPICIOUS_MOVE = YES;
				CLANG_WARN_UNGUARDED_AVAILABILITY = YES_AGGRESSIVE;
				CLANG_WARN_UNREACHABLE_CODE = YES;
				CLANG_WARN__DUPLICATE_METHOD_MATCH = YES;
				COPY_PHASE_STRIP = NO;
				DEBUG_INFORMATION_FORMAT = dwarf;
				ENABLE_STRICT_OBJC_MSGSEND = YES;
				ENABLE_TESTABILITY = YES;
				GCC_C_LANGUAGE_STANDARD = gnu11;
				GCC_DYNAMIC_NO_PIC = NO;
				GCC_NO_COMMON_BLOCKS = YES;
				GCC_OPTIMIZATION_LEVEL = 0;
				GCC_PREPROCESSOR_DEFINITIONS = (
					"DEBUG=1",
					"$(inherited)",
				);
				GCC_WARN_64_TO_32_BIT_CONVERSION = YES;
				GCC_WARN_ABOUT_RETURN_TYPE = YES_ERROR;
				GCC_WARN_UNDECLARED_SELECTOR = YES;
				GCC_WARN_UNINITIALIZED_AUTOS = YES_AGGRESSIVE;
				GCC_WARN_UNUSED_FUNCTION = YES;
				GCC_WARN_UNUSED_VARIABLE = YES;
				IPHONEOS_DEPLOYMENT_TARGET = 13.0;
				MTL_ENABLE_DEBUG_INFO = INCLUDE_SOURCE;
				MTL_FAST_MATH = YES;
				ONLY_ACTIVE_ARCH = YES;
				SDKROOT = iphoneos;
				SWIFT_ACTIVE_COMPILATION_CONDITIONS = DEBUG;
				SWIFT_OPTIMIZATION_LEVEL = "-Onone";
			};
			name = Debug;
		};
		1AFE86392A1FB89300BBEA1B /* Release */ = {
			isa = XCBuildConfiguration;
			buildSettings = {
				ALWAYS_SEARCH_USER_PATHS = NO;
				CLANG_ANALYZER_NONNULL = YES;
				CLANG_ANALYZER_NUMBER_OBJECT_CONVERSION = YES_AGGRESSIVE;
				CLANG_CXX_LANGUAGE_STANDARD = "gnu++20";
				CLANG_ENABLE_MODULES = YES;
				CLANG_ENABLE_OBJC_ARC = YES;
				CLANG_ENABLE_OBJC_WEAK = YES;
				CLANG_WARN_BLOCK_CAPTURE_AUTORELEASING = YES;
				CLANG_WARN_BOOL_CONVERSION = YES;
				CLANG_WARN_COMMA = YES;
				CLANG_WARN_CONSTANT_CONVERSION = YES;
				CLANG_WARN_DEPRECATED_OBJC_IMPLEMENTATIONS = YES;
				CLANG_WARN_DIRECT_OBJC_ISA_USAGE = YES_ERROR;
				CLANG_WARN_DOCUMENTATION_COMMENTS = YES;
				CLANG_WARN_EMPTY_BODY = YES;
				CLANG_WARN_ENUM_CONVERSION = YES;
				CLANG_WARN_INFINITE_RECURSION = YES;
				CLANG_WARN_INT_CONVERSION = YES;
				CLANG_WARN_NON_LITERAL_NULL_CONVERSION = YES;
				CLANG_WARN_OBJC_IMPLICIT_RETAIN_SELF = YES;
				CLANG_WARN_OBJC_LITERAL_CONVERSION = YES;
				CLANG_WARN_OBJC_ROOT_CLASS = YES_ERROR;
				CLANG_WARN_QUOTED_INCLUDE_IN_FRAMEWORK_HEADER = YES;
				CLANG_WARN_RANGE_LOOP_ANALYSIS = YES;
				CLANG_WARN_STRICT_PROTOTYPES = YES;
				CLANG_WARN_SUSPICIOUS_MOVE = YES;
				CLANG_WARN_UNGUARDED_AVAILABILITY = YES_AGGRESSIVE;
				CLANG_WARN_UNREACHABLE_CODE = YES;
				CLANG_WARN__DUPLICATE_METHOD_MATCH = YES;
				COPY_PHASE_STRIP = NO;
				DEBUG_INFORMATION_FORMAT = "dwarf-with-dsym";
				ENABLE_NS_ASSERTIONS = NO;
				ENABLE_STRICT_OBJC_MSGSEND = YES;
				GCC_C_LANGUAGE_STANDARD = gnu11;
				GCC_NO_COMMON_BLOCKS = YES;
				GCC_WARN_64_TO_32_BIT_CONVERSION = YES;
				GCC_WARN_ABOUT_RETURN_TYPE = YES_ERROR;
				GCC_WARN_UNDECLARED_SELECTOR = YES;
				GCC_WARN_UNINITIALIZED_AUTOS = YES_AGGRESSIVE;
				GCC_WARN_UNUSED_FUNCTION = YES;
				GCC_WARN_UNUSED_VARIABLE = YES;
				IPHONEOS_DEPLOYMENT_TARGET = 13.0;
				MTL_ENABLE_DEBUG_INFO = NO;
				MTL_FAST_MATH = YES;
				SDKROOT = iphoneos;
				SWIFT_COMPILATION_MODE = wholemodule;
				SWIFT_OPTIMIZATION_LEVEL = "-O";
				VALIDATE_PRODUCT = YES;
			};
			name = Release;
		};
		1AFE863B2A1FB89300BBEA1B /* Debug */ = {
			isa = XCBuildConfiguration;
			buildSettings = {
				ASSETCATALOG_COMPILER_APPICON_NAME = AppIcon;
				ASSETCATALOG_COMPILER_GLOBAL_ACCENT_COLOR_NAME = AccentColor;
				CODE_SIGN_STYLE = Automatic;
				CURRENT_PROJECT_VERSION = 1;
				DEVELOPMENT_TEAM = 4HXMY46TMH;
				GENERATE_INFOPLIST_FILE = YES;
				INFOPLIST_FILE = ImageFeed/Info.plist;
				INFOPLIST_KEY_LSApplicationCategoryType = "";
				INFOPLIST_KEY_UIApplicationSupportsIndirectInputEvents = YES;
				INFOPLIST_KEY_UILaunchStoryboardName = LaunchScreen;
				INFOPLIST_KEY_UIMainStoryboardFile = Main;
				INFOPLIST_KEY_UISupportedInterfaceOrientations_iPad = "UIInterfaceOrientationPortrait UIInterfaceOrientationPortraitUpsideDown UIInterfaceOrientationLandscapeLeft UIInterfaceOrientationLandscapeRight";
				INFOPLIST_KEY_UISupportedInterfaceOrientations_iPhone = UIInterfaceOrientationPortrait;
				IPHONEOS_DEPLOYMENT_TARGET = 13.0;
				LD_RUNPATH_SEARCH_PATHS = (
					"$(inherited)",
					"@executable_path/Frameworks",
				);
				MARKETING_VERSION = 1.0;
				PRODUCT_BUNDLE_IDENTIFIER = com.Grifon.ImageFeed;
				PRODUCT_NAME = "$(TARGET_NAME)";
				SUPPORTED_PLATFORMS = "iphoneos iphonesimulator";
				SUPPORTS_MACCATALYST = NO;
				SUPPORTS_MAC_DESIGNED_FOR_IPHONE_IPAD = YES;
				SWIFT_EMIT_LOC_STRINGS = YES;
				SWIFT_VERSION = 5.0;
				TARGETED_DEVICE_FAMILY = 1;
			};
			name = Debug;
		};
		1AFE863C2A1FB89300BBEA1B /* Release */ = {
			isa = XCBuildConfiguration;
			buildSettings = {
				ASSETCATALOG_COMPILER_APPICON_NAME = AppIcon;
				ASSETCATALOG_COMPILER_GLOBAL_ACCENT_COLOR_NAME = AccentColor;
				CODE_SIGN_STYLE = Automatic;
				CURRENT_PROJECT_VERSION = 1;
				DEVELOPMENT_TEAM = 4HXMY46TMH;
				GENERATE_INFOPLIST_FILE = YES;
				INFOPLIST_FILE = ImageFeed/Info.plist;
				INFOPLIST_KEY_LSApplicationCategoryType = "";
				INFOPLIST_KEY_UIApplicationSupportsIndirectInputEvents = YES;
				INFOPLIST_KEY_UILaunchStoryboardName = LaunchScreen;
				INFOPLIST_KEY_UIMainStoryboardFile = Main;
				INFOPLIST_KEY_UISupportedInterfaceOrientations_iPad = "UIInterfaceOrientationPortrait UIInterfaceOrientationPortraitUpsideDown UIInterfaceOrientationLandscapeLeft UIInterfaceOrientationLandscapeRight";
				INFOPLIST_KEY_UISupportedInterfaceOrientations_iPhone = UIInterfaceOrientationPortrait;
				IPHONEOS_DEPLOYMENT_TARGET = 13.0;
				LD_RUNPATH_SEARCH_PATHS = (
					"$(inherited)",
					"@executable_path/Frameworks",
				);
				MARKETING_VERSION = 1.0;
				PRODUCT_BUNDLE_IDENTIFIER = com.Grifon.ImageFeed;
				PRODUCT_NAME = "$(TARGET_NAME)";
				SUPPORTED_PLATFORMS = "iphoneos iphonesimulator";
				SUPPORTS_MACCATALYST = NO;
				SUPPORTS_MAC_DESIGNED_FOR_IPHONE_IPAD = YES;
				SWIFT_EMIT_LOC_STRINGS = YES;
				SWIFT_VERSION = 5.0;
				TARGETED_DEVICE_FAMILY = 1;
			};
			name = Release;
		};
		1AFE863E2A1FB89300BBEA1B /* Debug */ = {
			isa = XCBuildConfiguration;
			buildSettings = {
				ALWAYS_EMBED_SWIFT_STANDARD_LIBRARIES = YES;
				BUNDLE_LOADER = "$(TEST_HOST)";
				CODE_SIGN_STYLE = Automatic;
				CURRENT_PROJECT_VERSION = 1;
				DEVELOPMENT_TEAM = 4HXMY46TMH;
				GENERATE_INFOPLIST_FILE = YES;
				IPHONEOS_DEPLOYMENT_TARGET = 16.4;
				MARKETING_VERSION = 1.0;
				PRODUCT_BUNDLE_IDENTIFIER = com.Grifon.ImageFeedTests;
				PRODUCT_NAME = "$(TARGET_NAME)";
				SWIFT_EMIT_LOC_STRINGS = NO;
				SWIFT_VERSION = 5.0;
				TARGETED_DEVICE_FAMILY = "1,2";
				TEST_HOST = "$(BUILT_PRODUCTS_DIR)/ImageFeed.app/$(BUNDLE_EXECUTABLE_FOLDER_PATH)/ImageFeed";
			};
			name = Debug;
		};
		1AFE863F2A1FB89300BBEA1B /* Release */ = {
			isa = XCBuildConfiguration;
			buildSettings = {
				ALWAYS_EMBED_SWIFT_STANDARD_LIBRARIES = YES;
				BUNDLE_LOADER = "$(TEST_HOST)";
				CODE_SIGN_STYLE = Automatic;
				CURRENT_PROJECT_VERSION = 1;
				DEVELOPMENT_TEAM = 4HXMY46TMH;
				GENERATE_INFOPLIST_FILE = YES;
				IPHONEOS_DEPLOYMENT_TARGET = 16.4;
				MARKETING_VERSION = 1.0;
				PRODUCT_BUNDLE_IDENTIFIER = com.Grifon.ImageFeedTests;
				PRODUCT_NAME = "$(TARGET_NAME)";
				SWIFT_EMIT_LOC_STRINGS = NO;
				SWIFT_VERSION = 5.0;
				TARGETED_DEVICE_FAMILY = "1,2";
				TEST_HOST = "$(BUILT_PRODUCTS_DIR)/ImageFeed.app/$(BUNDLE_EXECUTABLE_FOLDER_PATH)/ImageFeed";
			};
			name = Release;
		};
		1AFE86412A1FB89300BBEA1B /* Debug */ = {
			isa = XCBuildConfiguration;
			buildSettings = {
				ALWAYS_EMBED_SWIFT_STANDARD_LIBRARIES = YES;
				CODE_SIGN_STYLE = Automatic;
				CURRENT_PROJECT_VERSION = 1;
				DEVELOPMENT_TEAM = 4HXMY46TMH;
				GENERATE_INFOPLIST_FILE = YES;
				MARKETING_VERSION = 1.0;
				PRODUCT_BUNDLE_IDENTIFIER = com.Grifon.ImageFeedUITests;
				PRODUCT_NAME = "$(TARGET_NAME)";
				SWIFT_EMIT_LOC_STRINGS = NO;
				SWIFT_VERSION = 5.0;
				TARGETED_DEVICE_FAMILY = "1,2";
				TEST_TARGET_NAME = ImageFeed;
			};
			name = Debug;
		};
		1AFE86422A1FB89300BBEA1B /* Release */ = {
			isa = XCBuildConfiguration;
			buildSettings = {
				ALWAYS_EMBED_SWIFT_STANDARD_LIBRARIES = YES;
				CODE_SIGN_STYLE = Automatic;
				CURRENT_PROJECT_VERSION = 1;
				DEVELOPMENT_TEAM = 4HXMY46TMH;
				GENERATE_INFOPLIST_FILE = YES;
				MARKETING_VERSION = 1.0;
				PRODUCT_BUNDLE_IDENTIFIER = com.Grifon.ImageFeedUITests;
				PRODUCT_NAME = "$(TARGET_NAME)";
				SWIFT_EMIT_LOC_STRINGS = NO;
				SWIFT_VERSION = 5.0;
				TARGETED_DEVICE_FAMILY = "1,2";
				TEST_TARGET_NAME = ImageFeed;
			};
			name = Release;
		};
/* End XCBuildConfiguration section */

/* Begin XCConfigurationList section */
		1AFE860B2A1FB89100BBEA1B /* Build configuration list for PBXProject "ImageFeed" */ = {
			isa = XCConfigurationList;
			buildConfigurations = (
				1AFE86382A1FB89300BBEA1B /* Debug */,
				1AFE86392A1FB89300BBEA1B /* Release */,
			);
			defaultConfigurationIsVisible = 0;
			defaultConfigurationName = Release;
		};
		1AFE863A2A1FB89300BBEA1B /* Build configuration list for PBXNativeTarget "ImageFeed" */ = {
			isa = XCConfigurationList;
			buildConfigurations = (
				1AFE863B2A1FB89300BBEA1B /* Debug */,
				1AFE863C2A1FB89300BBEA1B /* Release */,
			);
			defaultConfigurationIsVisible = 0;
			defaultConfigurationName = Release;
		};
		1AFE863D2A1FB89300BBEA1B /* Build configuration list for PBXNativeTarget "ImageFeedTests" */ = {
			isa = XCConfigurationList;
			buildConfigurations = (
				1AFE863E2A1FB89300BBEA1B /* Debug */,
				1AFE863F2A1FB89300BBEA1B /* Release */,
			);
			defaultConfigurationIsVisible = 0;
			defaultConfigurationName = Release;
		};
		1AFE86402A1FB89300BBEA1B /* Build configuration list for PBXNativeTarget "ImageFeedUITests" */ = {
			isa = XCConfigurationList;
			buildConfigurations = (
				1AFE86412A1FB89300BBEA1B /* Debug */,
				1AFE86422A1FB89300BBEA1B /* Release */,
			);
			defaultConfigurationIsVisible = 0;
			defaultConfigurationName = Release;
		};
/* End XCConfigurationList section */
	};
	rootObject = 1AFE86082A1FB89100BBEA1B /* Project object */;
}
